
Microsoft Visual Studio Solution File, Format Version 12.00
# Visual Studio Version 17
VisualStudioVersion = 17.7.34024.191
MinimumVisualStudioVersion = 10.0.40219.1
Project("{FAE04EC0-301F-11D3-BF4B-00C04F79EFBC}") = "Final Project_Connect 4 Game", "Final Project_Connect 4 Game.csproj", "{EDA7698A-7C83-4647-BAAA-5DA48E874B46}"
EndProject
Global
	GlobalSection(SolutionConfigurationPlatforms) = preSolution
		Debug|Any CPU = Debug|Any CPU
		Release|Any CPU = Release|Any CPU
	EndGlobalSection
	GlobalSection(ProjectConfigurationPlatforms) = postSolution
		{EDA7698A-7C83-4647-BAAA-5DA48E874B46}.Debug|Any CPU.ActiveCfg = Debug|Any CPU
		{EDA7698A-7C83-4647-BAAA-5DA48E874B46}.Debug|Any CPU.Build.0 = Debug|Any CPU
		{EDA7698A-7C83-4647-BAAA-5DA48E874B46}.Release|Any CPU.ActiveCfg = Release|Any CPU
		{EDA7698A-7C83-4647-BAAA-5DA48E874B46}.Release|Any CPU.Build.0 = Release|Any CPU
	EndGlobalSection
	GlobalSection(SolutionProperties) = preSolution
		HideSolutionNode = FALSE
	EndGlobalSection
	GlobalSection(ExtensibilityGlobals) = postSolution
		SolutionGuid = {8FCA2752-C331-44C6-927E-CA2AA8BD262D}
	EndGlobalSection
EndGlobal
